
Microsoft Visual Studio Solution File, Format Version 12.00
# Visual Studio Version 17
VisualStudioVersion = 17.2.32519.379
MinimumVisualStudioVersion = 10.0.40219.1
Project("{888888A0-9F3D-457C-B088-3A5042F75D52}") = "week1", "week1\week1.pyproj", "{51F21095-591C-4A43-BDA9-113E95CD9C3D}"
EndProject
Global
	GlobalSection(SolutionConfigurationPlatforms) = preSolution
		Debug|Any CPU = Debug|Any CPU
		Release|Any CPU = Release|Any CPU
	EndGlobalSection
	GlobalSection(ProjectConfigurationPlatforms) = postSolution
		{51F21095-591C-4A43-BDA9-113E95CD9C3D}.Debug|Any CPU.ActiveCfg = Debug|Any CPU
		{51F21095-591C-4A43-BDA9-113E95CD9C3D}.Release|Any CPU.ActiveCfg = Release|Any CPU
	EndGlobalSection
	GlobalSection(SolutionProperties) = preSolution
		HideSolutionNode = FALSE
	EndGlobalSection
	GlobalSection(ExtensibilityGlobals) = postSolution
		SolutionGuid = {047C12F8-D836-4CAC-91FF-7C601B6382D0}
	EndGlobalSection
EndGlobal
